
Microsoft Visual Studio Solution File, Format Version 12.00
# Visual Studio Version 16
VisualStudioVersion = 16.0.30517.126
MinimumVisualStudioVersion = 10.0.40219.1
Project("{FAE04EC0-301F-11D3-BF4B-00C04F79EFBC}") = "Neurona_1_Diciembre", "Neurona_1_Diciembre.csproj", "{895CBACC-5A58-4F7E-A1C1-8D48274D1C4F}"
EndProject
Global
	GlobalSection(SolutionConfigurationPlatforms) = preSolution
		Debug|Any CPU = Debug|Any CPU
		Release|Any CPU = Release|Any CPU
	EndGlobalSection
	GlobalSection(ProjectConfigurationPlatforms) = postSolution
		{895CBACC-5A58-4F7E-A1C1-8D48274D1C4F}.Debug|Any CPU.ActiveCfg = Debug|Any CPU
		{895CBACC-5A58-4F7E-A1C1-8D48274D1C4F}.Debug|Any CPU.Build.0 = Debug|Any CPU
		{895CBACC-5A58-4F7E-A1C1-8D48274D1C4F}.Release|Any CPU.ActiveCfg = Release|Any CPU
		{895CBACC-5A58-4F7E-A1C1-8D48274D1C4F}.Release|Any CPU.Build.0 = Release|Any CPU
	EndGlobalSection
	GlobalSection(SolutionProperties) = preSolution
		HideSolutionNode = FALSE
	EndGlobalSection
	GlobalSection(ExtensibilityGlobals) = postSolution
		SolutionGuid = {05B0451B-3878-48BD-BBE0-FF2EF0B39AEF}
	EndGlobalSection
EndGlobal
